// !$*UTF8*$!
{
	archiveVersion = 1;
	classes = {
	};
	objectVersion = 48;
	objects = {

/* Begin PBXBuildFile section */
		4417344920A08A7B004FA53C /* ColCollec.swift in Sources */ = {isa = PBXBuildFile; fileRef = 4417344820A08A7B004FA53C /* ColCollec.swift */; };
		44192D7E20B314D000FE2DD7 /* VCSeleccionar.swift in Sources */ = {isa = PBXBuildFile; fileRef = 44192D7D20B314D000FE2DD7 /* VCSeleccionar.swift */; };
		44525C51208F18EA008AEE16 /* ColList.swift in Sources */ = {isa = PBXBuildFile; fileRef = 44525C50208F18EA008AEE16 /* ColList.swift */; };
		4457DE5D208879AB00D1D7D5 /* VCMapa.swift in Sources */ = {isa = PBXBuildFile; fileRef = 4457DE5C208879AB00D1D7D5 /* VCMapa.swift */; };
		445E0F4320A1884600514819 /* DHMapa.swift in Sources */ = {isa = PBXBuildFile; fileRef = 445E0F4220A1884600514819 /* DHMapa.swift */; };
		4465EDC42087990D000E64B1 /* CVCell.swift in Sources */ = {isa = PBXBuildFile; fileRef = 4465EDC32087990D000E64B1 /* CVCell.swift */; };
		4465EDC62087AA40000E64B1 /* LocationAdmin.swift in Sources */ = {isa = PBXBuildFile; fileRef = 4465EDC52087AA40000E64B1 /* LocationAdmin.swift */; };
		4465EDC82087B1D5000E64B1 /* MapKit.framework in Frameworks */ = {isa = PBXBuildFile; fileRef = 4465EDC72087B1D5000E64B1 /* MapKit.framework */; };
		448EEBA12085DCC60028A72A /* Perfiles.swift in Sources */ = {isa = PBXBuildFile; fileRef = 448EEBA02085DCC60028A72A /* Perfiles.swift */; };
		448EEBA52085F4AF0028A72A /* VCTabla.swift in Sources */ = {isa = PBXBuildFile; fileRef = 448EEBA42085F4AF0028A72A /* VCTabla.swift */; };
		448EEBA72085FA5B0028A72A /* TVCell.swift in Sources */ = {isa = PBXBuildFile; fileRef = 448EEBA62085FA5B0028A72A /* TVCell.swift */; };
		448EEBAD2086077D0028A72A /* VCColeccion.swift in Sources */ = {isa = PBXBuildFile; fileRef = 448EEBAC2086077D0028A72A /* VCColeccion.swift */; };
		44C313B2207CA77200FA6670 /* GoogleService-Info.plist in Resources */ = {isa = PBXBuildFile; fileRef = 44C313B1207CA77200FA6670 /* GoogleService-Info.plist */; };
		44C313B4207CAEDB00FA6670 /* DataHolder.swift in Sources */ = {isa = PBXBuildFile; fileRef = 44C313B3207CAEDB00FA6670 /* DataHolder.swift */; };
		44C313B6207CB1F400FA6670 /* ViewControllerLogin.swift in Sources */ = {isa = PBXBuildFile; fileRef = 44C313B5207CB1F400FA6670 /* ViewControllerLogin.swift */; };
		44C313B8207CB9B200FA6670 /* ViewControllerRegistrar.swift in Sources */ = {isa = PBXBuildFile; fileRef = 44C313B7207CB9B200FA6670 /* ViewControllerRegistrar.swift */; };
		44F370F6207C9CA700093323 /* AppDelegate.swift in Sources */ = {isa = PBXBuildFile; fileRef = 44F370F5207C9CA700093323 /* AppDelegate.swift */; };
		44F370F8207C9CA700093323 /* ViewController.swift in Sources */ = {isa = PBXBuildFile; fileRef = 44F370F7207C9CA700093323 /* ViewController.swift */; };
		44F370FB207C9CA700093323 /* Main.storyboard in Resources */ = {isa = PBXBuildFile; fileRef = 44F370F9207C9CA700093323 /* Main.storyboard */; };
		44F370FD207C9CA700093323 /* Assets.xcassets in Resources */ = {isa = PBXBuildFile; fileRef = 44F370FC207C9CA700093323 /* Assets.xcassets */; };
		44F37100207C9CA700093323 /* LaunchScreen.storyboard in Resources */ = {isa = PBXBuildFile; fileRef = 44F370FE207C9CA700093323 /* LaunchScreen.storyboard */; };
		44F3710B207C9CA700093323 /* SegundHitoTests.swift in Sources */ = {isa = PBXBuildFile; fileRef = 44F3710A207C9CA700093323 /* SegundHitoTests.swift */; };
		44F37116207C9CA700093323 /* SegundHitoUITests.swift in Sources */ = {isa = PBXBuildFile; fileRef = 44F37115207C9CA700093323 /* SegundHitoUITests.swift */; };
		4C27076E59072281E62C42DD /* Pods_SegundHito.framework in Frameworks */ = {isa = PBXBuildFile; fileRef = C8C37145C77A3C82C6F9E8C3 /* Pods_SegundHito.framework */; };
		BF7E4EDD7FCAB98CFA637F77 /* Pods_SegundHitoUITests.framework in Frameworks */ = {isa = PBXBuildFile; fileRef = 3A9F468CC3D39ADEB31AE851 /* Pods_SegundHitoUITests.framework */; };
		E724A88AD542CB1A80818D9B /* Pods_SegundHitoTests.framework in Frameworks */ = {isa = PBXBuildFile; fileRef = 02726D4BA390C481DAA858F7 /* Pods_SegundHitoTests.framework */; };
/* End PBXBuildFile section */

/* Begin PBXContainerItemProxy section */
		44F37107207C9CA700093323 /* PBXContainerItemProxy */ = {
			isa = PBXContainerItemProxy;
			containerPortal = 44F370EA207C9CA700093323 /* Project object */;
			proxyType = 1;
			remoteGlobalIDString = 44F370F1207C9CA700093323;
			remoteInfo = SegundHito;
		};
		44F37112207C9CA700093323 /* PBXContainerItemProxy */ = {
			isa = PBXContainerItemProxy;
			containerPortal = 44F370EA207C9CA700093323 /* Project object */;
			proxyType = 1;
			remoteGlobalIDString = 44F370F1207C9CA700093323;
			remoteInfo = SegundHito;
		};
/* End PBXContainerItemProxy section */

/* Begin PBXFileReference section */
		02726D4BA390C481DAA858F7 /* Pods_SegundHitoTests.framework */ = {isa = PBXFileReference; explicitFileType = wrapper.framework; includeInIndex = 0; path = Pods_SegundHitoTests.framework; sourceTree = BUILT_PRODUCTS_DIR; };
		04A14978C69E9D18226B8549 /* Pods-SegundHitoUITests.release.xcconfig */ = {isa = PBXFileReference; includeInIndex = 1; lastKnownFileType = text.xcconfig; name = "Pods-SegundHitoUITests.release.xcconfig"; path = "Pods/Target Support Files/Pods-SegundHitoUITests/Pods-SegundHitoUITests.release.xcconfig"; sourceTree = "<group>"; };
		3A9F468CC3D39ADEB31AE851 /* Pods_SegundHitoUITests.framework */ = {isa = PBXFileReference; explicitFileType = wrapper.framework; includeInIndex = 0; path = Pods_SegundHitoUITests.framework; sourceTree = BUILT_PRODUCTS_DIR; };
		4417344820A08A7B004FA53C /* ColCollec.swift */ = {isa = PBXFileReference; lastKnownFileType = sourcecode.swift; path = ColCollec.swift; sourceTree = "<group>"; };
		44192D7D20B314D000FE2DD7 /* VCSeleccionar.swift */ = {isa = PBXFileReference; lastKnownFileType = sourcecode.swift; path = VCSeleccionar.swift; sourceTree = "<group>"; };
		44525C50208F18EA008AEE16 /* ColList.swift */ = {isa = PBXFileReference; lastKnownFileType = sourcecode.swift; path = ColList.swift; sourceTree = "<group>"; };
		4457DE5C208879AB00D1D7D5 /* VCMapa.swift */ = {isa = PBXFileReference; lastKnownFileType = sourcecode.swift; path = VCMapa.swift; sourceTree = "<group>"; };
		445E0F4220A1884600514819 /* DHMapa.swift */ = {isa = PBXFileReference; lastKnownFileType = sourcecode.swift; path = DHMapa.swift; sourceTree = "<group>"; };
		4465EDC32087990D000E64B1 /* CVCell.swift */ = {isa = PBXFileReference; lastKnownFileType = sourcecode.swift; path = CVCell.swift; sourceTree = "<group>"; };
		4465EDC52087AA40000E64B1 /* LocationAdmin.swift */ = {isa = PBXFileReference; lastKnownFileType = sourcecode.swift; path = LocationAdmin.swift; sourceTree = "<group>"; };
		4465EDC72087B1D5000E64B1 /* MapKit.framework */ = {isa = PBXFileReference; lastKnownFileType = wrapper.framework; name = MapKit.framework; path = System/Library/Frameworks/MapKit.framework; sourceTree = SDKROOT; };
		448EEBA02085DCC60028A72A /* Perfiles.swift */ = {isa = PBXFileReference; lastKnownFileType = sourcecode.swift; path = Perfiles.swift; sourceTree = "<group>"; };
		448EEBA42085F4AF0028A72A /* VCTabla.swift */ = {isa = PBXFileReference; lastKnownFileType = sourcecode.swift; path = VCTabla.swift; sourceTree = "<group>"; };
		448EEBA62085FA5B0028A72A /* TVCell.swift */ = {isa = PBXFileReference; lastKnownFileType = sourcecode.swift; path = TVCell.swift; sourceTree = "<group>"; };
		448EEBAC2086077D0028A72A /* VCColeccion.swift */ = {isa = PBXFileReference; lastKnownFileType = sourcecode.swift; path = VCColeccion.swift; sourceTree = "<group>"; };
		44C313B1207CA77200FA6670 /* GoogleService-Info.plist */ = {isa = PBXFileReference; fileEncoding = 4; lastKnownFileType = text.plist.xml; path = "GoogleService-Info.plist"; sourceTree = "<group>"; };
		44C313B3207CAEDB00FA6670 /* DataHolder.swift */ = {isa = PBXFileReference; lastKnownFileType = sourcecode.swift; path = DataHolder.swift; sourceTree = "<group>"; };
		44C313B5207CB1F400FA6670 /* ViewControllerLogin.swift */ = {isa = PBXFileReference; lastKnownFileType = sourcecode.swift; path = ViewControllerLogin.swift; sourceTree = "<group>"; };
		44C313B7207CB9B200FA6670 /* ViewControllerRegistrar.swift */ = {isa = PBXFileReference; lastKnownFileType = sourcecode.swift; path = ViewControllerRegistrar.swift; sourceTree = "<group>"; };
		44F370F2207C9CA700093323 /* SegundHito.app */ = {isa = PBXFileReference; explicitFileType = wrapper.application; includeInIndex = 0; path = SegundHito.app; sourceTree = BUILT_PRODUCTS_DIR; };
		44F370F5207C9CA700093323 /* AppDelegate.swift */ = {isa = PBXFileReference; lastKnownFileType = sourcecode.swift; path = AppDelegate.swift; sourceTree = "<group>"; };
		44F370F7207C9CA700093323 /* ViewController.swift */ = {isa = PBXFileReference; lastKnownFileType = sourcecode.swift; path = ViewController.swift; sourceTree = "<group>"; };
		44F370FA207C9CA700093323 /* Base */ = {isa = PBXFileReference; lastKnownFileType = file.storyboard; name = Base; path = Base.lproj/Main.storyboard; sourceTree = "<group>"; };
		44F370FC207C9CA700093323 /* Assets.xcassets */ = {isa = PBXFileReference; lastKnownFileType = folder.assetcatalog; path = Assets.xcassets; sourceTree = "<group>"; };
		44F370FF207C9CA700093323 /* Base */ = {isa = PBXFileReference; lastKnownFileType = file.storyboard; name = Base; path = Base.lproj/LaunchScreen.storyboard; sourceTree = "<group>"; };
		44F37101207C9CA700093323 /* Info.plist */ = {isa = PBXFileReference; lastKnownFileType = text.plist.xml; path = Info.plist; sourceTree = "<group>"; };
		44F37106207C9CA700093323 /* SegundHitoTests.xctest */ = {isa = PBXFileReference; explicitFileType = wrapper.cfbundle; includeInIndex = 0; path = SegundHitoTests.xctest; sourceTree = BUILT_PRODUCTS_DIR; };
		44F3710A207C9CA700093323 /* SegundHitoTests.swift */ = {isa = PBXFileReference; lastKnownFileType = sourcecode.swift; path = SegundHitoTests.swift; sourceTree = "<group>"; };
		44F3710C207C9CA700093323 /* Info.plist */ = {isa = PBXFileReference; lastKnownFileType = text.plist.xml; path = Info.plist; sourceTree = "<group>"; };
		44F37111207C9CA700093323 /* SegundHitoUITests.xctest */ = {isa = PBXFileReference; explicitFileType = wrapper.cfbundle; includeInIndex = 0; path = SegundHitoUITests.xctest; sourceTree = BUILT_PRODUCTS_DIR; };
		44F37115207C9CA700093323 /* SegundHitoUITests.swift */ = {isa = PBXFileReference; lastKnownFileType = sourcecode.swift; path = SegundHitoUITests.swift; sourceTree = "<group>"; };
		44F37117207C9CA700093323 /* Info.plist */ = {isa = PBXFileReference; lastKnownFileType = text.plist.xml; path = Info.plist; sourceTree = "<group>"; };
		7A2BE2289BA481A308365196 /* Pods-SegundHitoTests.debug.xcconfig */ = {isa = PBXFileReference; includeInIndex = 1; lastKnownFileType = text.xcconfig; name = "Pods-SegundHitoTests.debug.xcconfig"; path = "Pods/Target Support Files/Pods-SegundHitoTests/Pods-SegundHitoTests.debug.xcconfig"; sourceTree = "<group>"; };
		7E1333FBC99D32BAB7E64BF9 /* Pods-SegundHito.release.xcconfig */ = {isa = PBXFileReference; includeInIndex = 1; lastKnownFileType = text.xcconfig; name = "Pods-SegundHito.release.xcconfig"; path = "Pods/Target Support Files/Pods-SegundHito/Pods-SegundHito.release.xcconfig"; sourceTree = "<group>"; };
		88EFD34D354490B13756C54C /* Pods-SegundHitoUITests.debug.xcconfig */ = {isa = PBXFileReference; includeInIndex = 1; lastKnownFileType = text.xcconfig; name = "Pods-SegundHitoUITests.debug.xcconfig"; path = "Pods/Target Support Files/Pods-SegundHitoUITests/Pods-SegundHitoUITests.debug.xcconfig"; sourceTree = "<group>"; };
		91635BA383FED38C88536A4A /* Pods-SegundHito.debug.xcconfig */ = {isa = PBXFileReference; includeInIndex = 1; lastKnownFileType = text.xcconfig; name = "Pods-SegundHito.debug.xcconfig"; path = "Pods/Target Support Files/Pods-SegundHito/Pods-SegundHito.debug.xcconfig"; sourceTree = "<group>"; };
		BD9FC4D0F36CEA63C4A332E8 /* Pods-SegundHitoTests.release.xcconfig */ = {isa = PBXFileReference; includeInIndex = 1; lastKnownFileType = text.xcconfig; name = "Pods-SegundHitoTests.release.xcconfig"; path = "Pods/Target Support Files/Pods-SegundHitoTests/Pods-SegundHitoTests.release.xcconfig"; sourceTree = "<group>"; };
		C8C37145C77A3C82C6F9E8C3 /* Pods_SegundHito.framework */ = {isa = PBXFileReference; explicitFileType = wrapper.framework; includeInIndex = 0; path = Pods_SegundHito.framework; sourceTree = BUILT_PRODUCTS_DIR; };
/* End PBXFileReference section */

/* Begin PBXFrameworksBuildPhase section */
		44F370EF207C9CA700093323 /* Frameworks */ = {
			isa = PBXFrameworksBuildPhase;
			buildActionMask = 2147483647;
			files = (
				4465EDC82087B1D5000E64B1 /* MapKit.framework in Frameworks */,
				4C27076E59072281E62C42DD /* Pods_SegundHito.framework in Frameworks */,
			);
			runOnlyForDeploymentPostprocessing = 0;
		};
		44F37103207C9CA700093323 /* Frameworks */ = {
			isa = PBXFrameworksBuildPhase;
			buildActionMask = 2147483647;
			files = (
				E724A88AD542CB1A80818D9B /* Pods_SegundHitoTests.framework in Frameworks */,
			);
			runOnlyForDeploymentPostprocessing = 0;
		};
		44F3710E207C9CA700093323 /* Frameworks */ = {
			isa = PBXFrameworksBuildPhase;
			buildActionMask = 2147483647;
			files = (
				BF7E4EDD7FCAB98CFA637F77 /* Pods_SegundHitoUITests.framework in Frameworks */,
			);
			runOnlyForDeploymentPostprocessing = 0;
		};
/* End PBXFrameworksBuildPhase section */

/* Begin PBXGroup section */
		44F370E9207C9CA700093323 = {
			isa = PBXGroup;
			children = (
				44F370F4207C9CA700093323 /* SegundHito */,
				44F37109207C9CA700093323 /* SegundHitoTests */,
				44F37114207C9CA700093323 /* SegundHitoUITests */,
				44F370F3207C9CA700093323 /* Products */,
				51A08DCF0A63A291825CD15A /* Pods */,
				9D21E752F98554905F35347C /* Frameworks */,
			);
			sourceTree = "<group>";
		};
		44F370F3207C9CA700093323 /* Products */ = {
			isa = PBXGroup;
			children = (
				44F370F2207C9CA700093323 /* SegundHito.app */,
				44F37106207C9CA700093323 /* SegundHitoTests.xctest */,
				44F37111207C9CA700093323 /* SegundHitoUITests.xctest */,
			);
			name = Products;
			sourceTree = "<group>";
		};
		44F370F4207C9CA700093323 /* SegundHito */ = {
			isa = PBXGroup;
			children = (
				44C313B1207CA77200FA6670 /* GoogleService-Info.plist */,
				44F370F5207C9CA700093323 /* AppDelegate.swift */,
				44F370F7207C9CA700093323 /* ViewController.swift */,
				44C313B7207CB9B200FA6670 /* ViewControllerRegistrar.swift */,
				44F370F9207C9CA700093323 /* Main.storyboard */,
				448EEBA42085F4AF0028A72A /* VCTabla.swift */,
				44F370FC207C9CA700093323 /* Assets.xcassets */,
				448EEBAC2086077D0028A72A /* VCColeccion.swift */,
				4457DE5C208879AB00D1D7D5 /* VCMapa.swift */,
				4465EDC32087990D000E64B1 /* CVCell.swift */,
				44F370FE207C9CA700093323 /* LaunchScreen.storyboard */,
				44F37101207C9CA700093323 /* Info.plist */,
				448EEBA02085DCC60028A72A /* Perfiles.swift */,
				44525C50208F18EA008AEE16 /* ColList.swift */,
				445E0F4220A1884600514819 /* DHMapa.swift */,
				44192D7D20B314D000FE2DD7 /* VCSeleccionar.swift */,
				4417344820A08A7B004FA53C /* ColCollec.swift */,
				448EEBA62085FA5B0028A72A /* TVCell.swift */,
				44C313B3207CAEDB00FA6670 /* DataHolder.swift */,
				44C313B5207CB1F400FA6670 /* ViewControllerLogin.swift */,
				4465EDC52087AA40000E64B1 /* LocationAdmin.swift */,
			);
			path = SegundHito;
			sourceTree = "<group>";
		};
		44F37109207C9CA700093323 /* SegundHitoTests */ = {
			isa = PBXGroup;
			children = (
				44F3710A207C9CA700093323 /* SegundHitoTests.swift */,
				44F3710C207C9CA700093323 /* Info.plist */,
			);
			path = SegundHitoTests;
			sourceTree = "<group>";
		};
		44F37114207C9CA700093323 /* SegundHitoUITests */ = {
			isa = PBXGroup;
			children = (
				44F37115207C9CA700093323 /* SegundHitoUITests.swift */,
				44F37117207C9CA700093323 /* Info.plist */,
			);
			path = SegundHitoUITests;
			sourceTree = "<group>";
		};
		51A08DCF0A63A291825CD15A /* Pods */ = {
			isa = PBXGroup;
			children = (
				91635BA383FED38C88536A4A /* Pods-SegundHito.debug.xcconfig */,
				7E1333FBC99D32BAB7E64BF9 /* Pods-SegundHito.release.xcconfig */,
				7A2BE2289BA481A308365196 /* Pods-SegundHitoTests.debug.xcconfig */,
				BD9FC4D0F36CEA63C4A332E8 /* Pods-SegundHitoTests.release.xcconfig */,
				88EFD34D354490B13756C54C /* Pods-SegundHitoUITests.debug.xcconfig */,
				04A14978C69E9D18226B8549 /* Pods-SegundHitoUITests.release.xcconfig */,
			);
			name = Pods;
			sourceTree = "<group>";
		};
		9D21E752F98554905F35347C /* Frameworks */ = {
			isa = PBXGroup;
			children = (
				4465EDC72087B1D5000E64B1 /* MapKit.framework */,
				C8C37145C77A3C82C6F9E8C3 /* Pods_SegundHito.framework */,
				02726D4BA390C481DAA858F7 /* Pods_SegundHitoTests.framework */,
				3A9F468CC3D39ADEB31AE851 /* Pods_SegundHitoUITests.framework */,
			);
			name = Frameworks;
			sourceTree = "<group>";
		};
/* End PBXGroup section */

/* Begin PBXNativeTarget section */
		44F370F1207C9CA700093323 /* SegundHito */ = {
			isa = PBXNativeTarget;
			buildConfigurationList = 44F3711A207C9CA700093323 /* Build configuration list for PBXNativeTarget "SegundHito" */;
			buildPhases = (
				54ED0AFF78B664CA567E5C2F /* [CP] Check Pods Manifest.lock */,
				44F370EE207C9CA700093323 /* Sources */,
				44F370EF207C9CA700093323 /* Frameworks */,
				44F370F0207C9CA700093323 /* Resources */,
				B5BFE07A96991ACF7617329A /* [CP] Embed Pods Frameworks */,
				F1A89DBF1118F822857C0C77 /* [CP] Copy Pods Resources */,
			);
			buildRules = (
			);
			dependencies = (
			);
			name = SegundHito;
			productName = SegundHito;
			productReference = 44F370F2207C9CA700093323 /* SegundHito.app */;
			productType = "com.apple.product-type.application";
		};
		44F37105207C9CA700093323 /* SegundHitoTests */ = {
			isa = PBXNativeTarget;
			buildConfigurationList = 44F3711D207C9CA700093323 /* Build configuration list for PBXNativeTarget "SegundHitoTests" */;
			buildPhases = (
				9A6D1E865AD04137BCC83BE3 /* [CP] Check Pods Manifest.lock */,
				44F37102207C9CA700093323 /* Sources */,
				44F37103207C9CA700093323 /* Frameworks */,
				44F37104207C9CA700093323 /* Resources */,
				016E254651699B96C1FBEC39 /* [CP] Embed Pods Frameworks */,
				3CBEF028C7289BAB8985C0A3 /* [CP] Copy Pods Resources */,
			);
			buildRules = (
			);
			dependencies = (
				44F37108207C9CA700093323 /* PBXTargetDependency */,
			);
			name = SegundHitoTests;
			productName = SegundHitoTests;
			productReference = 44F37106207C9CA700093323 /* SegundHitoTests.xctest */;
			productType = "com.apple.product-type.bundle.unit-test";
		};
		44F37110207C9CA700093323 /* SegundHitoUITests */ = {
			isa = PBXNativeTarget;
			buildConfigurationList = 44F37120207C9CA700093323 /* Build configuration list for PBXNativeTarget "SegundHitoUITests" */;
			buildPhases = (
				ECC8C0B71E0FF2F9A7691BF1 /* [CP] Check Pods Manifest.lock */,
				44F3710D207C9CA700093323 /* Sources */,
				44F3710E207C9CA700093323 /* Frameworks */,
				44F3710F207C9CA700093323 /* Resources */,
				DC96B9E83A88FDAAC50C7E52 /* [CP] Embed Pods Frameworks */,
				2711A6CCEF0341EB55EEC3AA /* [CP] Copy Pods Resources */,
			);
			buildRules = (
			);
			dependencies = (
				44F37113207C9CA700093323 /* PBXTargetDependency */,
			);
			name = SegundHitoUITests;
			productName = SegundHitoUITests;
			productReference = 44F37111207C9CA700093323 /* SegundHitoUITests.xctest */;
			productType = "com.apple.product-type.bundle.ui-testing";
		};
/* End PBXNativeTarget section */

/* Begin PBXProject section */
		44F370EA207C9CA700093323 /* Project object */ = {
			isa = PBXProject;
			attributes = {
				LastSwiftUpdateCheck = 0900;
				LastUpgradeCheck = 0900;
				ORGANIZATIONNAME = "KARYNA AURORA RUELAS GONZALEZ";
				TargetAttributes = {
					44F370F1207C9CA700093323 = {
						CreatedOnToolsVersion = 9.0.1;
						ProvisioningStyle = Automatic;
						SystemCapabilities = {
							com.apple.Maps.iOS = {
								enabled = 1;
							};
						};
					};
					44F37105207C9CA700093323 = {
						CreatedOnToolsVersion = 9.0.1;
						ProvisioningStyle = Automatic;
						TestTargetID = 44F370F1207C9CA700093323;
					};
					44F37110207C9CA700093323 = {
						CreatedOnToolsVersion = 9.0.1;
						ProvisioningStyle = Automatic;
						TestTargetID = 44F370F1207C9CA700093323;
					};
				};
			};
			buildConfigurationList = 44F370ED207C9CA700093323 /* Build configuration list for PBXProject "SegundHito" */;
			compatibilityVersion = "Xcode 8.0";
			developmentRegion = en;
			hasScannedForEncodings = 0;
			knownRegions = (
				en,
				Base,
			);
			mainGroup = 44F370E9207C9CA700093323;
			productRefGroup = 44F370F3207C9CA700093323 /* Products */;
			projectDirPath = "";
			projectRoot = "";
			targets = (
				44F370F1207C9CA700093323 /* SegundHito */,
				44F37105207C9CA700093323 /* SegundHitoTests */,
				44F37110207C9CA700093323 /* SegundHitoUITests */,
			);
		};
/* End PBXProject section */

/* Begin PBXResourcesBuildPhase section */
		44F370F0207C9CA700093323 /* Resources */ = {
			isa = PBXResourcesBuildPhase;
			buildActionMask = 2147483647;
			files = (
				44F37100207C9CA700093323 /* LaunchScreen.storyboard in Resources */,
				44C313B2207CA77200FA6670 /* GoogleService-Info.plist in Resources */,
				44F370FD207C9CA700093323 /* Assets.xcassets in Resources */,
				44F370FB207C9CA700093323 /* Main.storyboard in Resources */,
			);
			runOnlyForDeploymentPostprocessing = 0;
		};
		44F37104207C9CA700093323 /* Resources */ = {
			isa = PBXResourcesBuildPhase;
			buildActionMask = 2147483647;
			files = (
			);
			runOnlyForDeploymentPostprocessing = 0;
		};
		44F3710F207C9CA700093323 /* Resources */ = {
			isa = PBXResourcesBuildPhase;
			buildActionMask = 2147483647;
			files = (
			);
			runOnlyForDeploymentPostprocessing = 0;
		};
/* End PBXResourcesBuildPhase section */

/* Begin PBXShellScriptBuildPhase section */
		016E254651699B96C1FBEC39 /* [CP] Embed Pods Frameworks */ = {
			isa = PBXShellScriptBuildPhase;
			buildActionMask = 2147483647;
			files = (
			);
			inputPaths = (
			);
			name = "[CP] Embed Pods Frameworks";
			outputPaths = (
			);
			runOnlyForDeploymentPostprocessing = 0;
			shellPath = /bin/sh;
			shellScript = "\"${SRCROOT}/Pods/Target Support Files/Pods-SegundHitoTests/Pods-SegundHitoTests-frameworks.sh\"\n";
			showEnvVarsInLog = 0;
		};
		2711A6CCEF0341EB55EEC3AA /* [CP] Copy Pods Resources */ = {
			isa = PBXShellScriptBuildPhase;
			buildActionMask = 2147483647;
			files = (
			);
			inputPaths = (
			);
			name = "[CP] Copy Pods Resources";
			outputPaths = (
			);
			runOnlyForDeploymentPostprocessing = 0;
			shellPath = /bin/sh;
			shellScript = "\"${SRCROOT}/Pods/Target Support Files/Pods-SegundHitoUITests/Pods-SegundHitoUITests-resources.sh\"\n";
			showEnvVarsInLog = 0;
		};
		3CBEF028C7289BAB8985C0A3 /* [CP] Copy Pods Resources */ = {
			isa = PBXShellScriptBuildPhase;
			buildActionMask = 2147483647;
			files = (
			);
			inputPaths = (
			);
			name = "[CP] Copy Pods Resources";
			outputPaths = (
			);
			runOnlyForDeploymentPostprocessing = 0;
			shellPath = /bin/sh;
			shellScript = "\"${SRCROOT}/Pods/Target Support Files/Pods-SegundHitoTests/Pods-SegundHitoTests-resources.sh\"\n";
			showEnvVarsInLog = 0;
		};
		54ED0AFF78B664CA567E5C2F /* [CP] Check Pods Manifest.lock */ = {
			isa = PBXShellScriptBuildPhase;
			buildActionMask = 2147483647;
			files = (
			);
			inputPaths = (
				"${PODS_PODFILE_DIR_PATH}/Podfile.lock",
				"${PODS_ROOT}/Manifest.lock",
			);
			name = "[CP] Check Pods Manifest.lock";
			outputPaths = (
				"$(DERIVED_FILE_DIR)/Pods-SegundHito-checkManifestLockResult.txt",
			);
			runOnlyForDeploymentPostprocessing = 0;
			shellPath = /bin/sh;
			shellScript = "diff \"${PODS_PODFILE_DIR_PATH}/Podfile.lock\" \"${PODS_ROOT}/Manifest.lock\" > /dev/null\nif [ $? != 0 ] ; then\n    # print error to STDERR\n    echo \"error: The sandbox is not in sync with the Podfile.lock. Run 'pod install' or update your CocoaPods installation.\" >&2\n    exit 1\nfi\n# This output is used by Xcode 'outputs' to avoid re-running this script phase.\necho \"SUCCESS\" > \"${SCRIPT_OUTPUT_FILE_0}\"\n";
			showEnvVarsInLog = 0;
		};
		9A6D1E865AD04137BCC83BE3 /* [CP] Check Pods Manifest.lock */ = {
			isa = PBXShellScriptBuildPhase;
			buildActionMask = 2147483647;
			files = (
			);
			inputPaths = (
				"${PODS_PODFILE_DIR_PATH}/Podfile.lock",
				"${PODS_ROOT}/Manifest.lock",
			);
			name = "[CP] Check Pods Manifest.lock";
			outputPaths = (
				"$(DERIVED_FILE_DIR)/Pods-SegundHitoTests-checkManifestLockResult.txt",
			);
			runOnlyForDeploymentPostprocessing = 0;
			shellPath = /bin/sh;
			shellScript = "diff \"${PODS_PODFILE_DIR_PATH}/Podfile.lock\" \"${PODS_ROOT}/Manifest.lock\" > /dev/null\nif [ $? != 0 ] ; then\n    # print error to STDERR\n    echo \"error: The sandbox is not in sync with the Podfile.lock. Run 'pod install' or update your CocoaPods installation.\" >&2\n    exit 1\nfi\n# This output is used by Xcode 'outputs' to avoid re-running this script phase.\necho \"SUCCESS\" > \"${SCRIPT_OUTPUT_FILE_0}\"\n";
			showEnvVarsInLog = 0;
		};
		B5BFE07A96991ACF7617329A /* [CP] Embed Pods Frameworks */ = {
			isa = PBXShellScriptBuildPhase;
			buildActionMask = 2147483647;
			files = (
			);
			inputPaths = (
				"${SRCROOT}/Pods/Target Support Files/Pods-SegundHito/Pods-SegundHito-frameworks.sh",
				"${BUILT_PRODUCTS_DIR}/BoringSSL/openssl.framework",
				"${BUILT_PRODUCTS_DIR}/GTMSessionFetcher/GTMSessionFetcher.framework",
				"${BUILT_PRODUCTS_DIR}/GoogleToolboxForMac/GoogleToolboxForMac.framework",
				"${BUILT_PRODUCTS_DIR}/Protobuf/Protobuf.framework",
				"${BUILT_PRODUCTS_DIR}/gRPC/GRPCClient.framework",
				"${BUILT_PRODUCTS_DIR}/gRPC-Core/grpc.framework",
				"${BUILT_PRODUCTS_DIR}/gRPC-ProtoRPC/ProtoRPC.framework",
				"${BUILT_PRODUCTS_DIR}/gRPC-RxLibrary/RxLibrary.framework",
				"${BUILT_PRODUCTS_DIR}/leveldb-library/leveldb.framework",
				"${BUILT_PRODUCTS_DIR}/nanopb/nanopb.framework",
			);
			name = "[CP] Embed Pods Frameworks";
			outputPaths = (
				"${TARGET_BUILD_DIR}/${FRAMEWORKS_FOLDER_PATH}/openssl.framework",
				"${TARGET_BUILD_DIR}/${FRAMEWORKS_FOLDER_PATH}/GTMSessionFetcher.framework",
				"${TARGET_BUILD_DIR}/${FRAMEWORKS_FOLDER_PATH}/GoogleToolboxForMac.framework",
				"${TARGET_BUILD_DIR}/${FRAMEWORKS_FOLDER_PATH}/Protobuf.framework",
				"${TARGET_BUILD_DIR}/${FRAMEWORKS_FOLDER_PATH}/GRPCClient.framework",
				"${TARGET_BUILD_DIR}/${FRAMEWORKS_FOLDER_PATH}/grpc.framework",
				"${TARGET_BUILD_DIR}/${FRAMEWORKS_FOLDER_PATH}/ProtoRPC.framework",
				"${TARGET_BUILD_DIR}/${FRAMEWORKS_FOLDER_PATH}/RxLibrary.framework",
				"${TARGET_BUILD_DIR}/${FRAMEWORKS_FOLDER_PATH}/leveldb.framework",
				"${TARGET_BUILD_DIR}/${FRAMEWORKS_FOLDER_PATH}/nanopb.framework",
			);
			runOnlyForDeploymentPostprocessing = 0;
			shellPath = /bin/sh;
			shellScript = "\"${SRCROOT}/Pods/Target Support Files/Pods-SegundHito/Pods-SegundHito-frameworks.sh\"\n";
			showEnvVarsInLog = 0;
		};
		DC96B9E83A88FDAAC50C7E52 /* [CP] Embed Pods Frameworks */ = {
			isa = PBXShellScriptBuildPhase;
			buildActionMask = 2147483647;
			files = (
			);
			inputPaths = (
			);
			name = "[CP] Embed Pods Frameworks";
			outputPaths = (
			);
			runOnlyForDeploymentPostprocessing = 0;
			shellPath = /bin/sh;
			shellScript = "\"${SRCROOT}/Pods/Target Support Files/Pods-SegundHitoUITests/Pods-SegundHitoUITests-frameworks.sh\"\n";
			showEnvVarsInLog = 0;
		};
		ECC8C0B71E0FF2F9A7691BF1 /* [CP] Check Pods Manifest.lock */ = {
			isa = PBXShellScriptBuildPhase;
			buildActionMask = 2147483647;
			files = (
			);
			inputPaths = (
				"${PODS_PODFILE_DIR_PATH}/Podfile.lock",
				"${PODS_ROOT}/Manifest.lock",
			);
			name = "[CP] Check Pods Manifest.lock";
			outputPaths = (
				"$(DERIVED_FILE_DIR)/Pods-SegundHitoUITests-checkManifestLockResult.txt",
			);
			runOnlyForDeploymentPostprocessing = 0;
			shellPath = /bin/sh;
			shellScript = "diff \"${PODS_PODFILE_DIR_PATH}/Podfile.lock\" \"${PODS_ROOT}/Manifest.lock\" > /dev/null\nif [ $? != 0 ] ; then\n    # print error to STDERR\n    echo \"error: The sandbox is not in sync with the Podfile.lock. Run 'pod install' or update your CocoaPods installation.\" >&2\n    exit 1\nfi\n# This output is used by Xcode 'outputs' to avoid re-running this script phase.\necho \"SUCCESS\" > \"${SCRIPT_OUTPUT_FILE_0}\"\n";
			showEnvVarsInLog = 0;
		};
		F1A89DBF1118F822857C0C77 /* [CP] Copy Pods Resources */ = {
			isa = PBXShellScriptBuildPhase;
			buildActionMask = 2147483647;
			files = (
			);
			inputPaths = (
			);
			name = "[CP] Copy Pods Resources";
			outputPaths = (
			);
			runOnlyForDeploymentPostprocessing = 0;
			shellPath = /bin/sh;
			shellScript = "\"${SRCROOT}/Pods/Target Support Files/Pods-SegundHito/Pods-SegundHito-resources.sh\"\n";
			showEnvVarsInLog = 0;
		};
/* End PBXShellScriptBuildPhase section */

/* Begin PBXSourcesBuildPhase section */
		44F370EE207C9CA700093323 /* Sources */ = {
			isa = PBXSourcesBuildPhase;
			buildActionMask = 2147483647;
			files = (
				44C313B6207CB1F400FA6670 /* ViewControllerLogin.swift in Sources */,
				448EEBA72085FA5B0028A72A /* TVCell.swift in Sources */,
				4465EDC42087990D000E64B1 /* CVCell.swift in Sources */,
				4457DE5D208879AB00D1D7D5 /* VCMapa.swift in Sources */,
				4417344920A08A7B004FA53C /* ColCollec.swift in Sources */,
				44525C51208F18EA008AEE16 /* ColList.swift in Sources */,
				44C313B8207CB9B200FA6670 /* ViewControllerRegistrar.swift in Sources */,
				4465EDC62087AA40000E64B1 /* LocationAdmin.swift in Sources */,
				448EEBA52085F4AF0028A72A /* VCTabla.swift in Sources */,
				44F370F8207C9CA700093323 /* ViewController.swift in Sources */,
				448EEBA12085DCC60028A72A /* Perfiles.swift in Sources */,
				44C313B4207CAEDB00FA6670 /* DataHolder.swift in Sources */,
				448EEBAD2086077D0028A72A /* VCColeccion.swift in Sources */,
				445E0F4320A1884600514819 /* DHMapa.swift in Sources */,
				44F370F6207C9CA700093323 /* AppDelegate.swift in Sources */,
				44192D7E20B314D000FE2DD7 /* VCSeleccionar.swift in Sources */,
			);
			runOnlyForDeploymentPostprocessing = 0;
		};
		44F37102207C9CA700093323 /* Sources */ = {
			isa = PBXSourcesBuildPhase;
			buildActionMask = 2147483647;
			files = (
				44F3710B207C9CA700093323 /* SegundHitoTests.swift in Sources */,
			);
			runOnlyForDeploymentPostprocessing = 0;
		};
		44F3710D207C9CA700093323 /* Sources */ = {
			isa = PBXSourcesBuildPhase;
			buildActionMask = 2147483647;
			files = (
				44F37116207C9CA700093323 /* SegundHitoUITests.swift in Sources */,
			);
			runOnlyForDeploymentPostprocessing = 0;
		};
/* End PBXSourcesBuildPhase section */

/* Begin PBXTargetDependency section */
		44F37108207C9CA700093323 /* PBXTargetDependency */ = {
			isa = PBXTargetDependency;
			target = 44F370F1207C9CA700093323 /* SegundHito */;
			targetProxy = 44F37107207C9CA700093323 /* PBXContainerItemProxy */;
		};
		44F37113207C9CA700093323 /* PBXTargetDependency */ = {
			isa = PBXTargetDependency;
			target = 44F370F1207C9CA700093323 /* SegundHito */;
			targetProxy = 44F37112207C9CA700093323 /* PBXContainerItemProxy */;
		};
/* End PBXTargetDependency section */

/* Begin PBXVariantGroup section */
		44F370F9207C9CA700093323 /* Main.storyboard */ = {
			isa = PBXVariantGroup;
			children = (
				44F370FA207C9CA700093323 /* Base */,
			);
			name = Main.storyboard;
			sourceTree = "<group>";
		};
		44F370FE207C9CA700093323 /* LaunchScreen.storyboard */ = {
			isa = PBXVariantGroup;
			children = (
				44F370FF207C9CA700093323 /* Base */,
			);
			name = LaunchScreen.storyboard;
			sourceTree = "<group>";
		};
/* End PBXVariantGroup section */

/* Begin XCBuildConfiguration section */
		44F37118207C9CA700093323 /* Debug */ = {
			isa = XCBuildConfiguration;
			buildSettings = {
				ALWAYS_SEARCH_USER_PATHS = NO;
				CLANG_ANALYZER_NONNULL = YES;
				CLANG_ANALYZER_NUMBER_OBJECT_CONVERSION = YES_AGGRESSIVE;
				CLANG_CXX_LANGUAGE_STANDARD = "gnu++14";
				CLANG_CXX_LIBRARY = "libc++";
				CLANG_ENABLE_MODULES = YES;
				CLANG_ENABLE_OBJC_ARC = YES;
				CLANG_WARN_BLOCK_CAPTURE_AUTORELEASING = YES;
				CLANG_WARN_BOOL_CONVERSION = YES;
				CLANG_WARN_COMMA = YES;
				CLANG_WARN_CONSTANT_CONVERSION = YES;
				CLANG_WARN_DIRECT_OBJC_ISA_USAGE = YES_ERROR;
				CLANG_WARN_DOCUMENTATION_COMMENTS = YES;
				CLANG_WARN_EMPTY_BODY = YES;
				CLANG_WARN_ENUM_CONVERSION = YES;
				CLANG_WARN_INFINITE_RECURSION = YES;
				CLANG_WARN_INT_CONVERSION = YES;
				CLANG_WARN_NON_LITERAL_NULL_CONVERSION = YES;
				CLANG_WARN_OBJC_LITERAL_CONVERSION = YES;
				CLANG_WARN_OBJC_ROOT_CLASS = YES_ERROR;
				CLANG_WARN_RANGE_LOOP_ANALYSIS = YES;
				CLANG_WARN_STRICT_PROTOTYPES = YES;
				CLANG_WARN_SUSPICIOUS_MOVE = YES;
				CLANG_WARN_UNGUARDED_AVAILABILITY = YES_AGGRESSIVE;
				CLANG_WARN_UNREACHABLE_CODE = YES;
				CLANG_WARN__DUPLICATE_METHOD_MATCH = YES;
				CODE_SIGN_IDENTITY = "iPhone Developer";
				COPY_PHASE_STRIP = NO;
				DEBUG_INFORMATION_FORMAT = dwarf;
				ENABLE_STRICT_OBJC_MSGSEND = YES;
				ENABLE_TESTABILITY = YES;
				GCC_C_LANGUAGE_STANDARD = gnu11;
				GCC_DYNAMIC_NO_PIC = NO;
				GCC_NO_COMMON_BLOCKS = YES;
				GCC_OPTIMIZATION_LEVEL = 0;
				GCC_PREPROCESSOR_DEFINITIONS = (
					"DEBUG=1",
					"$(inherited)",
				);
				GCC_WARN_64_TO_32_BIT_CONVERSION = YES;
				GCC_WARN_ABOUT_RETURN_TYPE = YES_ERROR;
				GCC_WARN_UNDECLARED_SELECTOR = YES;
				GCC_WARN_UNINITIALIZED_AUTOS = YES_AGGRESSIVE;
				GCC_WARN_UNUSED_FUNCTION = YES;
				GCC_WARN_UNUSED_VARIABLE = YES;
				IPHONEOS_DEPLOYMENT_TARGET = 11.0;
				MTL_ENABLE_DEBUG_INFO = YES;
				ONLY_ACTIVE_ARCH = YES;
				SDKROOT = iphoneos;
				SWIFT_ACTIVE_COMPILATION_CONDITIONS = DEBUG;
				SWIFT_OPTIMIZATION_LEVEL = "-Onone";
			};
			name = Debug;
		};
		44F37119207C9CA700093323 /* Release */ = {
			isa = XCBuildConfiguration;
			buildSettings = {
				ALWAYS_SEARCH_USER_PATHS = NO;
				CLANG_ANALYZER_NONNULL = YES;
				CLANG_ANALYZER_NUMBER_OBJECT_CONVERSION = YES_AGGRESSIVE;
				CLANG_CXX_LANGUAGE_STANDARD = "gnu++14";
				CLANG_CXX_LIBRARY = "libc++";
				CLANG_ENABLE_MODULES = YES;
				CLANG_ENABLE_OBJC_ARC = YES;
				CLANG_WARN_BLOCK_CAPTURE_AUTORELEASING = YES;
				CLANG_WARN_BOOL_CONVERSION = YES;
				CLANG_WARN_COMMA = YES;
				CLANG_WARN_CONSTANT_CONVERSION = YES;
				CLANG_WARN_DIRECT_OBJC_ISA_USAGE = YES_ERROR;
				CLANG_WARN_DOCUMENTATION_COMMENTS = YES;
				CLANG_WARN_EMPTY_BODY = YES;
				CLANG_WARN_ENUM_CONVERSION = YES;
				CLANG_WARN_INFINITE_RECURSION = YES;
				CLANG_WARN_INT_CONVERSION = YES;
				CLANG_WARN_NON_LITERAL_NULL_CONVERSION = YES;
				CLANG_WARN_OBJC_LITERAL_CONVERSION = YES;
				CLANG_WARN_OBJC_ROOT_CLASS = YES_ERROR;
				CLANG_WARN_RANGE_LOOP_ANALYSIS = YES;
				CLANG_WARN_STRICT_PROTOTYPES = YES;
				CLANG_WARN_SUSPICIOUS_MOVE = YES;
				CLANG_WARN_UNGUARDED_AVAILABILITY = YES_AGGRESSIVE;
				CLANG_WARN_UNREACHABLE_CODE = YES;
				CLANG_WARN__DUPLICATE_METHOD_MATCH = YES;
				CODE_SIGN_IDENTITY = "iPhone Developer";
				COPY_PHASE_STRIP = NO;
				DEBUG_INFORMATION_FORMAT = "dwarf-with-dsym";
				ENABLE_NS_ASSERTIONS = NO;
				ENABLE_STRICT_OBJC_MSGSEND = YES;
				GCC_C_LANGUAGE_STANDARD = gnu11;
				GCC_NO_COMMON_BLOCKS = YES;
				GCC_WARN_64_TO_32_BIT_CONVERSION = YES;
				GCC_WARN_ABOUT_RETURN_TYPE = YES_ERROR;
				GCC_WARN_UNDECLARED_SELECTOR = YES;
				GCC_WARN_UNINITIALIZED_AUTOS = YES_AGGRESSIVE;
				GCC_WARN_UNUSED_FUNCTION = YES;
				GCC_WARN_UNUSED_VARIABLE = YES;
				IPHONEOS_DEPLOYMENT_TARGET = 11.0;
				MTL_ENABLE_DEBUG_INFO = NO;
				SDKROOT = iphoneos;
				SWIFT_OPTIMIZATION_LEVEL = "-Owholemodule";
				VALIDATE_PRODUCT = YES;
			};
			name = Release;
		};
		44F3711B207C9CA700093323 /* Debug */ = {
			isa = XCBuildConfiguration;
			baseConfigurationReference = 91635BA383FED38C88536A4A /* Pods-SegundHito.debug.xcconfig */;
			buildSettings = {
				ASSETCATALOG_COMPILER_APPICON_NAME = AppIcon;
				CODE_SIGN_STYLE = Automatic;
				DEVELOPMENT_TEAM = 86CZ52Y2CQ;
				INFOPLIST_FILE = SegundHito/Info.plist;
				LD_RUNPATH_SEARCH_PATHS = "$(inherited) @executable_path/Frameworks";
				PRODUCT_BUNDLE_IDENTIFIER = utad.SegundHito;
				PRODUCT_NAME = "$(TARGET_NAME)";
				SWIFT_VERSION = 4.0;
				TARGETED_DEVICE_FAMILY = "1,2";
			};
			name = Debug;
		};
		44F3711C207C9CA700093323 /* Release */ = {
			isa = XCBuildConfiguration;
			baseConfigurationReference = 7E1333FBC99D32BAB7E64BF9 /* Pods-SegundHito.release.xcconfig */;
			buildSettings = {
				ASSETCATALOG_COMPILER_APPICON_NAME = AppIcon;
				CODE_SIGN_STYLE = Automatic;
				DEVELOPMENT_TEAM = 86CZ52Y2CQ;
				INFOPLIST_FILE = SegundHito/Info.plist;
				LD_RUNPATH_SEARCH_PATHS = "$(inherited) @executable_path/Frameworks";
				PRODUCT_BUNDLE_IDENTIFIER = utad.SegundHito;
				PRODUCT_NAME = "$(TARGET_NAME)";
				SWIFT_VERSION = 4.0;
				TARGETED_DEVICE_FAMILY = "1,2";
			};
			name = Release;
		};
		44F3711E207C9CA700093323 /* Debug */ = {
			isa = XCBuildConfiguration;
			baseConfigurationReference = 7A2BE2289BA481A308365196 /* Pods-SegundHitoTests.debug.xcconfig */;
			buildSettings = {
				ALWAYS_EMBED_SWIFT_STANDARD_LIBRARIES = YES;
				BUNDLE_LOADER = "$(TEST_HOST)";
				CODE_SIGN_STYLE = Automatic;
				DEVELOPMENT_TEAM = G636T64BDT;
				INFOPLIST_FILE = SegundHitoTests/Info.plist;
				LD_RUNPATH_SEARCH_PATHS = "$(inherited) @executable_path/Frameworks @loader_path/Frameworks";
				PRODUCT_BUNDLE_IDENTIFIER = utad.SegundHitoTests;
				PRODUCT_NAME = "$(TARGET_NAME)";
				SWIFT_VERSION = 4.0;
				TARGETED_DEVICE_FAMILY = "1,2";
				TEST_HOST = "$(BUILT_PRODUCTS_DIR)/SegundHito.app/SegundHito";
			};
			name = Debug;
		};
		44F3711F207C9CA700093323 /* Release */ = {
			isa = XCBuildConfiguration;
			baseConfigurationReference = BD9FC4D0F36CEA63C4A332E8 /* Pods-SegundHitoTests.release.xcconfig */;
			buildSettings = {
				ALWAYS_EMBED_SWIFT_STANDARD_LIBRARIES = YES;
				BUNDLE_LOADER = "$(TEST_HOST)";
				CODE_SIGN_STYLE = Automatic;
				DEVELOPMENT_TEAM = G636T64BDT;
				INFOPLIST_FILE = SegundHitoTests/Info.plist;
				LD_RUNPATH_SEARCH_PATHS = "$(inherited) @executable_path/Frameworks @loader_path/Frameworks";
				PRODUCT_BUNDLE_IDENTIFIER = utad.SegundHitoTests;
				PRODUCT_NAME = "$(TARGET_NAME)";
				SWIFT_VERSION = 4.0;
				TARGETED_DEVICE_FAMILY = "1,2";
				TEST_HOST = "$(BUILT_PRODUCTS_DIR)/SegundHito.app/SegundHito";
			};
			name = Release;
		};
		44F37121207C9CA700093323 /* Debug */ = {
			isa = XCBuildConfiguration;
			baseConfigurationReference = 88EFD34D354490B13756C54C /* Pods-SegundHitoUITests.debug.xcconfig */;
			buildSettings = {
				ALWAYS_EMBED_SWIFT_STANDARD_LIBRARIES = YES;
				CODE_SIGN_STYLE = Automatic;
				DEVELOPMENT_TEAM = G636T64BDT;
				INFOPLIST_FILE = SegundHitoUITests/Info.plist;
				LD_RUNPATH_SEARCH_PATHS = "$(inherited) @executable_path/Frameworks @loader_path/Frameworks";
				PRODUCT_BUNDLE_IDENTIFIER = utad.SegundHitoUITests;
				PRODUCT_NAME = "$(TARGET_NAME)";
				SWIFT_VERSION = 4.0;
				TARGETED_DEVICE_FAMILY = "1,2";
				TEST_TARGET_NAME = SegundHito;
			};
			name = Debug;
		};
		44F37122207C9CA700093323 /* Release */ = {
			isa = XCBuildConfiguration;
			baseConfigurationReference = 04A14978C69E9D18226B8549 /* Pods-SegundHitoUITests.release.xcconfig */;
			buildSettings = {
				ALWAYS_EMBED_SWIFT_STANDARD_LIBRARIES = YES;
				CODE_SIGN_STYLE = Automatic;
				DEVELOPMENT_TEAM = G636T64BDT;
				INFOPLIST_FILE = SegundHitoUITests/Info.plist;
				LD_RUNPATH_SEARCH_PATHS = "$(inherited) @executable_path/Frameworks @loader_path/Frameworks";
				PRODUCT_BUNDLE_IDENTIFIER = utad.SegundHitoUITests;
				PRODUCT_NAME = "$(TARGET_NAME)";
				SWIFT_VERSION = 4.0;
				TARGETED_DEVICE_FAMILY = "1,2";
				TEST_TARGET_NAME = SegundHito;
			};
			name = Release;
		};
/* End XCBuildConfiguration section */

/* Begin XCConfigurationList section */
		44F370ED207C9CA700093323 /* Build configuration list for PBXProject "SegundHito" */ = {
			isa = XCConfigurationList;
			buildConfigurations = (
				44F37118207C9CA700093323 /* Debug */,
				44F37119207C9CA700093323 /* Release */,
			);
			defaultConfigurationIsVisible = 0;
			defaultConfigurationName = Release;
		};
		44F3711A207C9CA700093323 /* Build configuration list for PBXNativeTarget "SegundHito" */ = {
			isa = XCConfigurationList;
			buildConfigurations = (
				44F3711B207C9CA700093323 /* Debug */,
				44F3711C207C9CA700093323 /* Release */,
			);
			defaultConfigurationIsVisible = 0;
			defaultConfigurationName = Release;
		};
		44F3711D207C9CA700093323 /* Build configuration list for PBXNativeTarget "SegundHitoTests" */ = {
			isa = XCConfigurationList;
			buildConfigurations = (
				44F3711E207C9CA700093323 /* Debug */,
				44F3711F207C9CA700093323 /* Release */,
			);
			defaultConfigurationIsVisible = 0;
			defaultConfigurationName = Release;
		};
		44F37120207C9CA700093323 /* Build configuration list for PBXNativeTarget "SegundHitoUITests" */ = {
			isa = XCConfigurationList;
			buildConfigurations = (
				44F37121207C9CA700093323 /* Debug */,
				44F37122207C9CA700093323 /* Release */,
			);
			defaultConfigurationIsVisible = 0;
			defaultConfigurationName = Release;
		};
/* End XCConfigurationList section */
	};
	rootObject = 44F370EA207C9CA700093323 /* Project object */;
}
